# This file is automatically @generated by Poetry 2.0.1 and should not be changed by hand.

[[package]]
name = "cadquery-ocp-novtk"
version = "7.8.1.1"
description = "Unchanged OCP package, just pypi packaged"
optional = false
python-versions = ">=3.10"
groups = ["main"]
files = [
    {file = "cadquery_ocp_novtk-7.8.1.1-cp310-cp310-macosx_11_0_arm64.whl", hash = "sha256:0adbc204089a5596418ecb76deec23fad957f74e6caa6e78b665b69ef58e2eda"},
    {file = "cadquery_ocp_novtk-7.8.1.1-cp310-cp310-macosx_11_0_x86_64.whl", hash = "sha256:67852c3e8cf6be3f6388186501585bbebdfd729a3327e79e76dfe951ae145674"},
    {file = "cadquery_ocp_novtk-7.8.1.1-cp310-cp310-manylinux_2_31_x86_64.whl", hash = "sha256:6b0a64bc15310ed4112ab11fbb0105d158b77a25172338baf2d7c564a4cc6cc9"},
    {file = "cadquery_ocp_novtk-7.8.1.1-cp310-cp310-win_amd64.whl", hash = "sha256:282221a7a88bfca0457138f7dcd2404e96e48cec5e3e29429543a9abc6db42c0"},
    {file = "cadquery_ocp_novtk-7.8.1.1-cp311-cp311-macosx_11_0_arm64.whl", hash = "sha256:55f267f8a695a7aae45a46de0bbfd32bc89194dafb9171839b81ace6cdddf61c"},
    {file = "cadquery_ocp_novtk-7.8.1.1-cp311-cp311-macosx_11_0_x86_64.whl", hash = "sha256:a0e26b1f9da5700477c217e23085af822a2e7f74915df69ed8fe1d24fc3b2626"},
    {file = "cadquery_ocp_novtk-7.8.1.1-cp311-cp311-manylinux_2_31_x86_64.whl", hash = "sha256:0397279eac13f9c2850df5ec2c2b32e32c8e63de7a285f6ec80ac2f45751ed0a"},
    {file = "cadquery_ocp_novtk-7.8.1.1-cp311-cp311-win_amd64.whl", hash = "sha256:63a6f41b2d16b677b2b08092228c4de78e22dd5ebc53f02e5935f6490c29b4d5"},
    {file = "cadquery_ocp_novtk-7.8.1.1-cp312-cp312-macosx_11_0_arm64.whl", hash = "sha256:d931a2f12c8660ce527eb921df2180d5013d79daa70ce61b5cf3da58def71f92"},
    {file = "cadquery_ocp_novtk-7.8.1.1-cp312-cp312-macosx_11_0_x86_64.whl", hash = "sha256:a84556782e1e967b8c62d0dda7edbd9d13cdd53ff3b6b16ac11881e3cd1873cd"},
    {file = "cadquery_ocp_novtk-7.8.1.1-cp312-cp312-manylinux_2_31_x86_64.whl", hash = "sha256:35c4d6b4e7fe4e531bae1328c58049f0fbd5b10d6942e0aeb86a543d3e6390cf"},
    {file = "cadquery_ocp_novtk-7.8.1.1-cp312-cp312-win_amd64.whl", hash = "sha256:83dd5c81b2e2b1bafc8e7402be6628485bf3762c40d5ee8b91b76bf687964a0e"},
    {file = "cadquery_ocp_novtk-7.8.1.1-cp313-cp313-macosx_11_0_arm64.whl", hash = "sha256:b0afd2b82aa1491bde8320ae9dafe4201d5ca73e9ec5f9dafde800eea4019e39"},
    {file = "cadquery_ocp_novtk-7.8.1.1-cp313-cp313-macosx_11_0_x86_64.whl", hash = "sha256:6e54de7c2489dd12fc3a1c303d54721b89797321349410b50c40a34ab1143464"},
    {file = "cadquery_ocp_novtk-7.8.1.1-cp313-cp313-manylinux_2_31_x86_64.whl", hash = "sha256:b0743f8472bb9cc9f95adb6a1cb673f487f1a2fdf0d34c635373c3ceb2109687"},
    {file = "cadquery_ocp_novtk-7.8.1.1-cp313-cp313-win_amd64.whl", hash = "sha256:cd388baa430b265a0e5c2bcbbaa08167d7a8e045844d44bb6ec35a9b009226ff"},
]

[[package]]
name = "colorama"
version = "0.4.6"
description = "Cross-platform colored terminal text."
optional = false
python-versions = "!=3.0.*,!=3.1.*,!=3.2.*,!=3.3.*,!=3.4.*,!=3.5.*,!=3.6.*,>=2.7"
groups = ["main"]
markers = "sys_platform == \"win32\""
files = [
    {file = "colorama-0.4.6-py2.py3-none-any.whl", hash = "sha256:4f1d9991f5acc0ca119f9d443620b77f9d6b33703e51011c16baf57afb285fc6"},
    {file = "colorama-0.4.6.tar.gz", hash = "sha256:08695f5cb7ed6e0531a20572697297273c47b8cae5a63ffc6d6ed5c201be6e44"},
]

[[package]]
name = "colorlog"
version = "6.9.0"
description = "Add colours to the output of Python's logging module."
optional = false
python-versions = ">=3.6"
groups = ["main"]
files = [
    {file = "colorlog-6.9.0-py3-none-any.whl", hash = "sha256:5906e71acd67cb07a71e779c47c4bcb45fb8c2993eebe9e5adcd6a6f1b283eff"},
    {file = "colorlog-6.9.0.tar.gz", hash = "sha256:bfba54a1b93b94f54e1f4fe48395725a3d92fd2a4af702f6bd70946bdc0c6ac2"},
]

[package.dependencies]
colorama = {version = "*", markers = "sys_platform == \"win32\""}

[package.extras]
development = ["black", "flake8", "mypy", "pytest", "types-colorama"]

[[package]]
name = "sexpdata"
version = "1.0.2"
description = "S-expression parser for Python"
optional = false
python-versions = ">=3.7"
groups = ["main"]
files = [
    {file = "sexpdata-1.0.2-py3-none-any.whl", hash = "sha256:b39c918f055a85c5c35c1d4f7930aabb176bd29016e5ba5692e7e849914b2a1a"},
    {file = "sexpdata-1.0.2.tar.gz", hash = "sha256:92b67b0361f6766f8f9e44b9519cf3fbcfafa755db85bbf893c3e1cf4ddac109"},
]

[metadata]
lock-version = "2.1"
python-versions = ">= 3.10"
content-hash = "03ce97089847bae3acd27eb19b1c0460e6d32c4c3912a553850ad9aaf234cff3"
