# This file is automatically @generated by Poetry 1.8.4 and should not be changed by hand.

[[package]]
name = "cadquery"
version = "2.5.0dev"
description = "CadQuery is a parametric  scripting language for creating and traversing CAD models"
optional = false
python-versions = ">=3.9"
files = []
develop = false

[package.extras]
dev = ["black @ git+https://github.com/cadquery/black.git@cq", "docutils", "ipython", "pytest"]
ipython = ["ipython"]

[package.source]
type = "git"
url = "https://github.com/cadQuery/cadquery.git"
reference = "HEAD"
resolved_reference = "a175cb8ea334bd5ffc53ee7eab00484ba954a7b2"

[[package]]
name = "cadquery-ocp"
version = "7.7.2"
description = "OCP+VTK wheel with shared library dependencies bundled."
optional = false
python-versions = "*"
files = [
    {file = "cadquery_ocp-7.7.2-cp310-cp310-macosx_10_9_x86_64.whl", hash = "sha256:7f2faf716855f9a8372493e001e6e318da75b046472e7ee69881d2a4e6b65a04"},
    {file = "cadquery_ocp-7.7.2-cp310-cp310-manylinux_2_35_x86_64.whl", hash = "sha256:35e2c8ca923e4ba77b833357eb14c7e8a939f17285ef6acde7c26961989a8dfe"},
    {file = "cadquery_ocp-7.7.2-cp310-cp310-win_amd64.whl", hash = "sha256:4fc230711d52a9e7d71ab4c79c957287c7f2f85e5f09e036b573e6851df4d1ba"},
    {file = "cadquery_ocp-7.7.2-cp311-cp311-macosx_10_9_x86_64.whl", hash = "sha256:488401fa4d070e3eb17729fb8b6494bd3577f0913c4e901e674c4d8fcd9ac1fe"},
    {file = "cadquery_ocp-7.7.2-cp311-cp311-manylinux_2_35_x86_64.whl", hash = "sha256:2be9408551c03e1c715e3b158b41ce458178ecf530ba644e3e884a5989feb611"},
    {file = "cadquery_ocp-7.7.2-cp311-cp311-win_amd64.whl", hash = "sha256:8e1f90250924ac50344bf0867e3d9a927f077583351b270b4e0e171033dd2046"},
    {file = "cadquery_ocp-7.7.2-cp312-cp312-macosx_10_9_x86_64.whl", hash = "sha256:78a7903267cd9986181b634a315ca66fac1bb9e6dbfaf60724d812b3a2cc77bf"},
    {file = "cadquery_ocp-7.7.2-cp312-cp312-manylinux_2_35_x86_64.whl", hash = "sha256:7ac2d83b4f4b3d7c35421a1d9f8fec2adc73b6ed6cac50c1ffcede5552e38e9b"},
    {file = "cadquery_ocp-7.7.2-cp312-cp312-win_amd64.whl", hash = "sha256:d9e5c8ef5aeb1d3fb8f0b207ed1a2b781d22dc3e9b9c0551f52342f5a6ee7fc5"},
    {file = "cadquery_ocp-7.7.2-cp38-cp38-macosx_10_9_x86_64.whl", hash = "sha256:7134e629559ba110a4d0cda53cb6a30c0af52524f7a6151e772d4b720ef508be"},
    {file = "cadquery_ocp-7.7.2-cp38-cp38-manylinux_2_35_x86_64.whl", hash = "sha256:73183f141514e507c45a1e4ba1d25f1fdc604b20dd42bed7c8168f468632686b"},
    {file = "cadquery_ocp-7.7.2-cp38-cp38-win_amd64.whl", hash = "sha256:9e40840e1f4da5e0a8f1eb2168efc33ae65ac8e046c27a49936a2e9931fc1711"},
    {file = "cadquery_ocp-7.7.2-cp39-cp39-macosx_10_9_x86_64.whl", hash = "sha256:3f6750c84f8af930f366ad22397141f3c332c39fb826edf3fe26c4e6938690f7"},
    {file = "cadquery_ocp-7.7.2-cp39-cp39-manylinux_2_35_x86_64.whl", hash = "sha256:9f6c601d1db66353f0ef7c63fde70411573e917c16fb4c7cb5d92ed85b72f154"},
    {file = "cadquery_ocp-7.7.2-cp39-cp39-win_amd64.whl", hash = "sha256:feea223eaa2dfa33684f568b5ba2b02c35e96b5d894014f98927b5c08041a6be"},
]

[[package]]
name = "casadi"
version = "3.6.7"
description = "CasADi -- framework for algorithmic differentiation and numeric optimization"
optional = false
python-versions = "*"
files = [
    {file = "casadi-3.6.7-cp27-none-macosx_10_13_x86_64.macosx_10_13_intel.whl", hash = "sha256:65976cabb6f8b5eecd72b346edbc4211cf0c8743c1ab9109ddc0eb0407da5a7e"},
    {file = "casadi-3.6.7-cp27-none-manylinux1_i686.whl", hash = "sha256:05ef1a87ac6e173cba3762f0ad0ba50c02154317a1135317a23c446a149a2e12"},
    {file = "casadi-3.6.7-cp27-none-manylinux2010_x86_64.whl", hash = "sha256:8cefef3e30c36e89df94b94ba19eb3588b960ff713d7631233d3402d34544f47"},
    {file = "casadi-3.6.7-cp27-none-win_amd64.whl", hash = "sha256:3a51b7731126ca1767accbe6747df7ba0087fc32537ab7e5843db88ab42454e3"},
    {file = "casadi-3.6.7-cp310-none-macosx_10_13_x86_64.macosx_10_13_intel.whl", hash = "sha256:7da27dc03524d56d450880db2cc7f45f075524bc434b0b317e2d80dd76b45d75"},
    {file = "casadi-3.6.7-cp310-none-macosx_11_0_arm64.whl", hash = "sha256:636746feeeef755a003b6b13a7fca275a8ad3e1be21f5d78a60e72ecdca9c841"},
    {file = "casadi-3.6.7-cp310-none-manylinux2014_aarch64.whl", hash = "sha256:1a676437955fcda10488fea87f78ae64f495a7247825bda476199cdeb5ba0b4d"},
    {file = "casadi-3.6.7-cp310-none-manylinux2014_i686.whl", hash = "sha256:8c4b4d0443a07452e7b6e0717ec504ed6a82d5da8bca6798809fb0524499c552"},
    {file = "casadi-3.6.7-cp310-none-manylinux2014_x86_64.whl", hash = "sha256:1ab528f5ea04ef56e2676252cfc3a04023de5d1169578d1873ce403e23fb48d5"},
    {file = "casadi-3.6.7-cp310-none-win_amd64.whl", hash = "sha256:05fedada09ae4f1b8d53194168efa8d88ca878717a9a4e7a2465b6e2aacff805"},
    {file = "casadi-3.6.7-cp311-none-macosx_10_13_x86_64.macosx_10_13_intel.whl", hash = "sha256:514b5d2af59c3a60b2a955d9508d5f2c75f05bec1e2f5000043870856e3d41a3"},
    {file = "casadi-3.6.7-cp311-none-macosx_11_0_arm64.whl", hash = "sha256:1a7122f3fd4dca0ed9af72bac398de06e225b291b45c3d89b73a19a3247eeeb5"},
    {file = "casadi-3.6.7-cp311-none-manylinux2014_aarch64.whl", hash = "sha256:5c252837354ca9da91bb2c9836921213d3972dad6edf516c9c8ef296e71a4f74"},
    {file = "casadi-3.6.7-cp311-none-manylinux2014_i686.whl", hash = "sha256:783976f9016ed2e882f00f3dc81a72abd8424fc6e8d322793d4bd3782a37f96d"},
    {file = "casadi-3.6.7-cp311-none-manylinux2014_x86_64.whl", hash = "sha256:971cefbe41e6bde88547c0591ab9424ad1efbe81edc6b0c5a54f125ddffadbf1"},
    {file = "casadi-3.6.7-cp311-none-win_amd64.whl", hash = "sha256:c30904baf2de259979e0e13b99c605cd18c4523aa86170de5940edeb5dd348fa"},
    {file = "casadi-3.6.7-cp312-none-macosx_10_13_x86_64.macosx_10_13_intel.whl", hash = "sha256:f780e496157ab1caeb6fe19079e4508c2d7a9f5489b298e04c40438a3ba0caf4"},
    {file = "casadi-3.6.7-cp312-none-macosx_11_0_arm64.whl", hash = "sha256:c02a304f5e8b147bca343e84b4de39629e2b761901c1fe99ecffa66c99875b80"},
    {file = "casadi-3.6.7-cp312-none-manylinux2014_aarch64.whl", hash = "sha256:290e92a7e2f4cecffc229dc196a85855e7dbedf6929eed1850b27e4ad8ad67f0"},
    {file = "casadi-3.6.7-cp312-none-manylinux2014_i686.whl", hash = "sha256:c7c1502a042efb321da1556e94cc8ef6a035785b9ebcb5ddd4676b32e58d09f8"},
    {file = "casadi-3.6.7-cp312-none-manylinux2014_x86_64.whl", hash = "sha256:16042ef095117704312be53389a0f22ab7a0968131db2bf785663d8003957a95"},
    {file = "casadi-3.6.7-cp312-none-win_amd64.whl", hash = "sha256:7f65e7444ddb15f521e0dc5d61b2557054e264de1dea8d9990235336d3e80247"},
    {file = "casadi-3.6.7-cp313-none-macosx_10_13_x86_64.macosx_10_13_intel.whl", hash = "sha256:6b6240fcd207aa154867a09bb830d3067d0e55808fbaef8c4c0e24c55b6905b4"},
    {file = "casadi-3.6.7-cp313-none-macosx_11_0_arm64.whl", hash = "sha256:cacf78a5e3c5590bf281a1606a213ac5d6d9e0be71986449b7e523044abb2ea0"},
    {file = "casadi-3.6.7-cp313-none-manylinux2014_aarch64.whl", hash = "sha256:f3c2d013bcb969b8a9b2e8aa9b6fcfaf9990d29eef496d1eee7d44a889b0f9b6"},
    {file = "casadi-3.6.7-cp313-none-manylinux2014_i686.whl", hash = "sha256:acddbf6bb05e357c898bcb3253ed106c3be6a0007957ec0231f84cae873a3def"},
    {file = "casadi-3.6.7-cp313-none-manylinux2014_x86_64.whl", hash = "sha256:bb9f3c2e9ab4a1fb28a7ad7e5012e133720656b606b8f560bc1bc55a8154e2d9"},
    {file = "casadi-3.6.7-cp313-none-win_amd64.whl", hash = "sha256:fa8da902f2e29893e71394c6bf1d3ccb6df52d063d06982a3e8b4ec5118f1827"},
    {file = "casadi-3.6.7-cp35-none-macosx_10_13_x86_64.macosx_10_13_intel.whl", hash = "sha256:1b7467dd5e664a87e03ff118993587d154371a3fb7020ce705ee1045ab561399"},
    {file = "casadi-3.6.7-cp35-none-manylinux1_i686.whl", hash = "sha256:0012c1951286013ab1c7ab79f21fec7374995085f9067d8cef7873dea062b426"},
    {file = "casadi-3.6.7-cp35-none-manylinux2010_x86_64.whl", hash = "sha256:641efda22adc1fab2faeb8cb1eb866619f2240f32fb6a02ae82b7399746cdc2e"},
    {file = "casadi-3.6.7-cp35-none-win_amd64.whl", hash = "sha256:adb46ef41749db9bc55a6a1677ba4a43f0ae6a2c1a6cbfc056681d907cf1e3be"},
    {file = "casadi-3.6.7-cp36-none-macosx_10_13_x86_64.macosx_10_13_intel.whl", hash = "sha256:b8665e49b6cf7e40f969f0cb3ed87468cb14c64d845438185ff9c289c5f79381"},
    {file = "casadi-3.6.7-cp36-none-manylinux2014_aarch64.whl", hash = "sha256:32ba1335bb0928fd340adc9e21d481d918025072a1f0540cf94093b95f781951"},
    {file = "casadi-3.6.7-cp36-none-manylinux2014_i686.whl", hash = "sha256:21d5b4ce0f83cfc4ab3b9129bdd7501758457323518069f760cb13a0cefb7fc9"},
    {file = "casadi-3.6.7-cp36-none-manylinux2014_x86_64.whl", hash = "sha256:045c1c7fc24bb27398f0ba8979eb6bf07b09525496dc83ee4e75ca037187a6bd"},
    {file = "casadi-3.6.7-cp36-none-win_amd64.whl", hash = "sha256:26fea7e80b104698d7c799556ec706ce29748e0e2a045a2ca7eb66032e428929"},
    {file = "casadi-3.6.7-cp37-none-macosx_10_13_x86_64.macosx_10_13_intel.whl", hash = "sha256:53189e560bcc20e7b10714356c987ae98755e28d5103337fd96bc81632786591"},
    {file = "casadi-3.6.7-cp37-none-manylinux2014_aarch64.whl", hash = "sha256:7d7997a9d9ded13fb974fec62c1b5921c1360910ee01784e5a421e288d10adad"},
    {file = "casadi-3.6.7-cp37-none-manylinux2014_i686.whl", hash = "sha256:4e98668fe6ea0fc8bd9e4189a8f71725acd13c5e748af62b6796bc8fcb71af1d"},
    {file = "casadi-3.6.7-cp37-none-manylinux2014_x86_64.whl", hash = "sha256:f2959bb834090491a324938454aa424cc1ab3f80cadac6fd8e2133b179a638e4"},
    {file = "casadi-3.6.7-cp37-none-win_amd64.whl", hash = "sha256:a6c549826a0f46e0ee120581a8ed9b802100040274eb23c3e41ca7e4b5f92555"},
    {file = "casadi-3.6.7-cp38-none-macosx_10_13_x86_64.macosx_10_13_intel.whl", hash = "sha256:ed274c0636c811800e0e2f834a616f1ee9ee6d14e21d3ae3e5281b77f9f66603"},
    {file = "casadi-3.6.7-cp38-none-macosx_11_0_arm64.whl", hash = "sha256:a5e2bf2311225970c06000c78d9945cb6e2142fb35981426a8eb86ef947a2483"},
    {file = "casadi-3.6.7-cp38-none-manylinux2014_aarch64.whl", hash = "sha256:ee407148f57cedf49928a027b3d628d5fc005fec9da2af27eec34dc7b8da10da"},
    {file = "casadi-3.6.7-cp38-none-manylinux2014_i686.whl", hash = "sha256:743b6d0070bb0262ec1fd4f840244991ebed2435b3104a5ae6a3bc928d0b31f7"},
    {file = "casadi-3.6.7-cp38-none-manylinux2014_x86_64.whl", hash = "sha256:ea85757c9914a7f3b0ea1f8b1f9635afce1b96c89a043af5fc5778438a90fefc"},
    {file = "casadi-3.6.7-cp38-none-win_amd64.whl", hash = "sha256:1d52d8c11d0125552e10c458d8f33b38cd9a6eb9603405a1df87eb35aae4c93a"},
    {file = "casadi-3.6.7-cp39-none-macosx_10_13_x86_64.macosx_10_13_intel.whl", hash = "sha256:c7b5bf2d05140db9609a8fa1716936e7e00d78d42e599167fc682d3b88dd05b9"},
    {file = "casadi-3.6.7-cp39-none-macosx_11_0_arm64.whl", hash = "sha256:d4b175792cd86c2ae2875f20f24e62f4ffe9d8ddea4c2e7ab1f0c43c9d8fc1e6"},
    {file = "casadi-3.6.7-cp39-none-manylinux2014_aarch64.whl", hash = "sha256:7ebcbb566f2a01118bc6db5453876d2a69a2ab56bdcd45f9b5487b6b45cbb1f8"},
    {file = "casadi-3.6.7-cp39-none-manylinux2014_i686.whl", hash = "sha256:f9783247f4675a660f584c785ef44f637ddc0b2ee0112c6eacb3a8cec5be4021"},
    {file = "casadi-3.6.7-cp39-none-manylinux2014_x86_64.whl", hash = "sha256:ce8c104cfc459cea32966f0ffbf189cbea379f69cff32aab33852d4a9cf0b532"},
    {file = "casadi-3.6.7-cp39-none-win_amd64.whl", hash = "sha256:c58a7d0a2365e28f065c68c0c958e1cc18f9c1dddbf9407842215eaf02f03011"},
    {file = "casadi-3.6.7.tar.gz", hash = "sha256:21cde87288afebb32a2a035bf6b6a91a025e24ee14aba7a0ae5515707b9887c1"},
]

[package.dependencies]
numpy = "*"

[[package]]
name = "colorama"
version = "0.4.6"
description = "Cross-platform colored terminal text."
optional = false
python-versions = "!=3.0.*,!=3.1.*,!=3.2.*,!=3.3.*,!=3.4.*,!=3.5.*,!=3.6.*,>=2.7"
files = [
    {file = "colorama-0.4.6-py2.py3-none-any.whl", hash = "sha256:4f1d9991f5acc0ca119f9d443620b77f9d6b33703e51011c16baf57afb285fc6"},
    {file = "colorama-0.4.6.tar.gz", hash = "sha256:08695f5cb7ed6e0531a20572697297273c47b8cae5a63ffc6d6ed5c201be6e44"},
]

[[package]]
name = "colorlog"
version = "6.9.0"
description = "Add colours to the output of Python's logging module."
optional = false
python-versions = ">=3.6"
files = [
    {file = "colorlog-6.9.0-py3-none-any.whl", hash = "sha256:5906e71acd67cb07a71e779c47c4bcb45fb8c2993eebe9e5adcd6a6f1b283eff"},
    {file = "colorlog-6.9.0.tar.gz", hash = "sha256:bfba54a1b93b94f54e1f4fe48395725a3d92fd2a4af702f6bd70946bdc0c6ac2"},
]

[package.dependencies]
colorama = {version = "*", markers = "sys_platform == \"win32\""}

[package.extras]
development = ["black", "flake8", "mypy", "pytest", "types-colorama"]

[[package]]
name = "ezdxf"
version = "1.3.4"
description = "A Python package to create/manipulate DXF drawings."
optional = false
python-versions = ">=3.9"
files = [
    {file = "ezdxf-1.3.4-cp310-cp310-macosx_10_9_universal2.whl", hash = "sha256:012752057ea25b42331172c895e29c26a9428f19b282753e8271200157df53c8"},
    {file = "ezdxf-1.3.4-cp310-cp310-macosx_10_9_x86_64.whl", hash = "sha256:8b295096f1694c4cd307648b38cae6bdc9e048d38ef10a2dac88658f21996400"},
    {file = "ezdxf-1.3.4-cp310-cp310-macosx_11_0_arm64.whl", hash = "sha256:5c99b85bab3951a703a098e9ae59cd2c61b8eb8511fb22a6345054547746fcd4"},
    {file = "ezdxf-1.3.4-cp310-cp310-manylinux_2_17_aarch64.manylinux2014_aarch64.whl", hash = "sha256:11bb032d75a0c86f0e90a68c81ae920e1d071d9d344c05aaf95046c9eb025e25"},
    {file = "ezdxf-1.3.4-cp310-cp310-manylinux_2_17_x86_64.manylinux2014_x86_64.whl", hash = "sha256:c3ffb5aa2b7345d1fae86095621645e4168dfd121133cca3858cf0567f504a0b"},
    {file = "ezdxf-1.3.4-cp310-cp310-musllinux_1_2_aarch64.whl", hash = "sha256:f72a02c9d6d76424abf7c890b05475964399a792ea2948a60a74df989c2c4f06"},
    {file = "ezdxf-1.3.4-cp310-cp310-musllinux_1_2_x86_64.whl", hash = "sha256:80c3aa1754899b42489138f674b8e80aa4fd81335692997cc85666bf2abc9fb1"},
    {file = "ezdxf-1.3.4-cp310-cp310-win_amd64.whl", hash = "sha256:63ea0b33d263c1705b0c6eca69d03a87110f2b609b677ea69b01d6ff20cf9a02"},
    {file = "ezdxf-1.3.4-cp311-cp311-macosx_10_9_universal2.whl", hash = "sha256:092647cc77462a0f506bfc5d770331634628afdd441c889549ab90ed1057efef"},
    {file = "ezdxf-1.3.4-cp311-cp311-macosx_10_9_x86_64.whl", hash = "sha256:23712d824b94cecabaeaa303004decf426793dd5b23d0a8909f500844f3189fb"},
    {file = "ezdxf-1.3.4-cp311-cp311-macosx_11_0_arm64.whl", hash = "sha256:b59d35bbf6dd04114a1a80ece734e65e1bd2b83d107d4e18ad331e371a71605e"},
    {file = "ezdxf-1.3.4-cp311-cp311-manylinux_2_17_aarch64.manylinux2014_aarch64.whl", hash = "sha256:5c9b75e4926847094960b2320701f07376f9874910ace14b18019625551cb497"},
    {file = "ezdxf-1.3.4-cp311-cp311-manylinux_2_17_x86_64.manylinux2014_x86_64.whl", hash = "sha256:1dd5f4b84adccbf35dbafec84cd7d939fa36beb19fd6dbbecb1c07fd324e0113"},
    {file = "ezdxf-1.3.4-cp311-cp311-musllinux_1_2_aarch64.whl", hash = "sha256:8a4e757b2d3db4425eaecee0f5944c689b1d9ca11c29b5fa46df56673786f522"},
    {file = "ezdxf-1.3.4-cp311-cp311-musllinux_1_2_x86_64.whl", hash = "sha256:97205a79e760d191924ed86e9e4c68dd5e48b674a55d90a2404cc149aabf7273"},
    {file = "ezdxf-1.3.4-cp311-cp311-win_amd64.whl", hash = "sha256:c81db2eab8b942ecb8d331100231e494f8792ee47024c444ae2b0bf4462ab5fc"},
    {file = "ezdxf-1.3.4-cp312-cp312-macosx_10_13_universal2.whl", hash = "sha256:61ce5c7fa9cff42e38c4b53c1aca71bf30f018b3fe420f228812c412719008f5"},
    {file = "ezdxf-1.3.4-cp312-cp312-macosx_10_13_x86_64.whl", hash = "sha256:ffbc5e5db4983b03261e251552c98758efc9e543e220ded844a990ccef30659f"},
    {file = "ezdxf-1.3.4-cp312-cp312-macosx_11_0_arm64.whl", hash = "sha256:f951c28167ec885492186af8a074d7edd308f4372457bb2f61e7011f5acd4fe0"},
    {file = "ezdxf-1.3.4-cp312-cp312-manylinux_2_17_aarch64.manylinux2014_aarch64.whl", hash = "sha256:6587705c07cd551b8058bb7e79b55caff0ad542a75bff54f64188b26d9862e35"},
    {file = "ezdxf-1.3.4-cp312-cp312-manylinux_2_17_x86_64.manylinux2014_x86_64.whl", hash = "sha256:c7f646c9bd4914697be84562f3590d2d716a6e8011f0e84961aaabd2ee0f67cd"},
    {file = "ezdxf-1.3.4-cp312-cp312-musllinux_1_2_aarch64.whl", hash = "sha256:6f70f465552f8224100c505629fbab7dd2370d97c4d559fc721221588a0fc9b0"},
    {file = "ezdxf-1.3.4-cp312-cp312-musllinux_1_2_x86_64.whl", hash = "sha256:3980221137829e8f83f43240ca766b821424d724e31a1a43149a9705221495af"},
    {file = "ezdxf-1.3.4-cp312-cp312-win_amd64.whl", hash = "sha256:f80a91c69123a9642f1d55c1adf00436ef783fb6fa9d969971611c664a862fce"},
    {file = "ezdxf-1.3.4-cp313-cp313-macosx_10_13_universal2.whl", hash = "sha256:0d5e3db0ace0868e40fc7ea02581b2ca346761dee23cbce0b8ebfa76f5ee629c"},
    {file = "ezdxf-1.3.4-cp313-cp313-macosx_10_13_x86_64.whl", hash = "sha256:dde82e42e315d4bdccbbcb01a36a814a881f1a822662ab2705a91acfa6547a1f"},
    {file = "ezdxf-1.3.4-cp313-cp313-macosx_11_0_arm64.whl", hash = "sha256:a1077815085fa7c1c4ccbcf553bbeeccaa998618becf74b672e0e4a896d8db6d"},
    {file = "ezdxf-1.3.4-cp313-cp313-manylinux_2_17_aarch64.manylinux2014_aarch64.whl", hash = "sha256:ded5f3fb8153dc8979d94c0f122971871ef9da533c8f32e11237a909c4bf6a32"},
    {file = "ezdxf-1.3.4-cp313-cp313-manylinux_2_17_x86_64.manylinux2014_x86_64.whl", hash = "sha256:a5f632376e936041e6a1415b2fb7346ab9a042e2d291e98be40c0c57869c6c03"},
    {file = "ezdxf-1.3.4-cp313-cp313-musllinux_1_2_aarch64.whl", hash = "sha256:17d7adcb663a1cb5534f1c878ce526749603c438363173e2a0bf4793b2a17cbe"},
    {file = "ezdxf-1.3.4-cp313-cp313-musllinux_1_2_x86_64.whl", hash = "sha256:62eed6f214744ce49487f504bb96410cc836774df49793145cbd039ed01d1b90"},
    {file = "ezdxf-1.3.4-cp313-cp313-win_amd64.whl", hash = "sha256:fdc80bdcf228c8c12e8087a936e5da9612f0d094568ddcc37a9d830ecf8fe9fd"},
    {file = "ezdxf-1.3.4-cp39-cp39-macosx_10_9_universal2.whl", hash = "sha256:fa076c0899fe1e82851b8ac5b355477cc3aaa9e29b2b4da3fdfa685d4f2b9edb"},
    {file = "ezdxf-1.3.4-cp39-cp39-macosx_10_9_x86_64.whl", hash = "sha256:9479d651700cf52d1b4752486e3ccb1307ea1f111012cc3a647fa5b192ee47c0"},
    {file = "ezdxf-1.3.4-cp39-cp39-macosx_11_0_arm64.whl", hash = "sha256:9bd56bfa419cfb682da8de115cc71d7c51bfc0de7f678f3ab115fbb4af4f48ef"},
    {file = "ezdxf-1.3.4-cp39-cp39-manylinux_2_17_aarch64.manylinux2014_aarch64.whl", hash = "sha256:a4a53fa19343c6ce4096311dc9780646a6650fbd47511a68e432c947b9598257"},
    {file = "ezdxf-1.3.4-cp39-cp39-manylinux_2_5_x86_64.manylinux1_x86_64.manylinux_2_12_x86_64.manylinux2010_x86_64.whl", hash = "sha256:3e4ebeb6c1b6147910c3766aca4008294b7f27301e9ba29b40fd9fb485cc45cc"},
    {file = "ezdxf-1.3.4-cp39-cp39-musllinux_1_1_x86_64.whl", hash = "sha256:5919fbb6e1ff8fca75deed6d7eea17aead4ca3a884a240b5896e5e6306ac4bb0"},
    {file = "ezdxf-1.3.4-cp39-cp39-musllinux_1_2_aarch64.whl", hash = "sha256:12c7937a657150f27d021c84289124f8d47bf9e9c0a29fd2f320e7c0e563cde5"},
    {file = "ezdxf-1.3.4-cp39-cp39-win_amd64.whl", hash = "sha256:483acebd47dc885209656b69d7b561a9c94e6a0fa13e4ef0823e41f2e110f861"},
    {file = "ezdxf-1.3.4-py3-none-any.whl", hash = "sha256:640ac043f54af1c897d91ffbca162f29e015355b1683cc753cd51f8802893a38"},
    {file = "ezdxf-1.3.4.zip", hash = "sha256:d4f07a684a3adc79d2cb8168b57c60f5966c3ab641620092f36402201b960e7c"},
]

[package.dependencies]
fonttools = "*"
numpy = "*"
pyparsing = ">=2.0.1"
typing-extensions = ">=4.6.0"

[package.extras]
dev = ["Cython", "Pillow", "PyMuPDF (>=1.20.0)", "PySide6", "matplotlib", "pytest", "setuptools", "wheel"]
dev5 = ["Cython", "Pillow", "PyMuPDF (>=1.20.0)", "PyQt5", "matplotlib", "pytest", "setuptools", "wheel"]
draw = ["Pillow", "PyMuPDF (>=1.20.0)", "PySide6", "matplotlib"]
draw5 = ["Pillow", "PyMuPDF (>=1.20.0)", "PyQt5", "matplotlib"]

[[package]]
name = "fonttools"
version = "4.55.0"
description = "Tools to manipulate font files"
optional = false
python-versions = ">=3.8"
files = [
    {file = "fonttools-4.55.0-cp310-cp310-macosx_10_9_universal2.whl", hash = "sha256:51c029d4c0608a21a3d3d169dfc3fb776fde38f00b35ca11fdab63ba10a16f61"},
    {file = "fonttools-4.55.0-cp310-cp310-macosx_10_9_x86_64.whl", hash = "sha256:bca35b4e411362feab28e576ea10f11268b1aeed883b9f22ed05675b1e06ac69"},
    {file = "fonttools-4.55.0-cp310-cp310-manylinux_2_17_aarch64.manylinux2014_aarch64.whl", hash = "sha256:9ce4ba6981e10f7e0ccff6348e9775ce25ffadbee70c9fd1a3737e3e9f5fa74f"},
    {file = "fonttools-4.55.0-cp310-cp310-manylinux_2_17_x86_64.manylinux2014_x86_64.whl", hash = "sha256:31d00f9852a6051dac23294a4cf2df80ced85d1d173a61ba90a3d8f5abc63c60"},
    {file = "fonttools-4.55.0-cp310-cp310-musllinux_1_2_aarch64.whl", hash = "sha256:e198e494ca6e11f254bac37a680473a311a88cd40e58f9cc4dc4911dfb686ec6"},
    {file = "fonttools-4.55.0-cp310-cp310-musllinux_1_2_x86_64.whl", hash = "sha256:7208856f61770895e79732e1dcbe49d77bd5783adf73ae35f87fcc267df9db81"},
    {file = "fonttools-4.55.0-cp310-cp310-win32.whl", hash = "sha256:e7e6a352ff9e46e8ef8a3b1fe2c4478f8a553e1b5a479f2e899f9dc5f2055880"},
    {file = "fonttools-4.55.0-cp310-cp310-win_amd64.whl", hash = "sha256:636caaeefe586d7c84b5ee0734c1a5ab2dae619dc21c5cf336f304ddb8f6001b"},
    {file = "fonttools-4.55.0-cp311-cp311-macosx_10_9_universal2.whl", hash = "sha256:fa34aa175c91477485c44ddfbb51827d470011e558dfd5c7309eb31bef19ec51"},
    {file = "fonttools-4.55.0-cp311-cp311-macosx_10_9_x86_64.whl", hash = "sha256:37dbb3fdc2ef7302d3199fb12468481cbebaee849e4b04bc55b77c24e3c49189"},
    {file = "fonttools-4.55.0-cp311-cp311-manylinux_2_17_aarch64.manylinux2014_aarch64.whl", hash = "sha256:b5263d8e7ef3c0ae87fbce7f3ec2f546dc898d44a337e95695af2cd5ea21a967"},
    {file = "fonttools-4.55.0-cp311-cp311-manylinux_2_17_x86_64.manylinux2014_x86_64.whl", hash = "sha256:f307f6b5bf9e86891213b293e538d292cd1677e06d9faaa4bf9c086ad5f132f6"},
    {file = "fonttools-4.55.0-cp311-cp311-musllinux_1_2_aarch64.whl", hash = "sha256:f0a4b52238e7b54f998d6a56b46a2c56b59c74d4f8a6747fb9d4042190f37cd3"},
    {file = "fonttools-4.55.0-cp311-cp311-musllinux_1_2_x86_64.whl", hash = "sha256:3e569711464f777a5d4ef522e781dc33f8095ab5efd7548958b36079a9f2f88c"},
    {file = "fonttools-4.55.0-cp311-cp311-win32.whl", hash = "sha256:2b3ab90ec0f7b76c983950ac601b58949f47aca14c3f21eed858b38d7ec42b05"},
    {file = "fonttools-4.55.0-cp311-cp311-win_amd64.whl", hash = "sha256:aa046f6a63bb2ad521004b2769095d4c9480c02c1efa7d7796b37826508980b6"},
    {file = "fonttools-4.55.0-cp312-cp312-macosx_10_13_universal2.whl", hash = "sha256:838d2d8870f84fc785528a692e724f2379d5abd3fc9dad4d32f91cf99b41e4a7"},
    {file = "fonttools-4.55.0-cp312-cp312-macosx_10_13_x86_64.whl", hash = "sha256:f46b863d74bab7bb0d395f3b68d3f52a03444964e67ce5c43ce43a75efce9246"},
    {file = "fonttools-4.55.0-cp312-cp312-manylinux_2_17_aarch64.manylinux2014_aarch64.whl", hash = "sha256:33b52a9cfe4e658e21b1f669f7309b4067910321757fec53802ca8f6eae96a5a"},
    {file = "fonttools-4.55.0-cp312-cp312-manylinux_2_5_x86_64.manylinux1_x86_64.manylinux_2_17_x86_64.manylinux2014_x86_64.whl", hash = "sha256:732a9a63d6ea4a81b1b25a1f2e5e143761b40c2e1b79bb2b68e4893f45139a40"},
    {file = "fonttools-4.55.0-cp312-cp312-musllinux_1_2_aarch64.whl", hash = "sha256:7dd91ac3fcb4c491bb4763b820bcab6c41c784111c24172616f02f4bc227c17d"},
    {file = "fonttools-4.55.0-cp312-cp312-musllinux_1_2_x86_64.whl", hash = "sha256:1f0e115281a32ff532118aa851ef497a1b7cda617f4621c1cdf81ace3e36fb0c"},
    {file = "fonttools-4.55.0-cp312-cp312-win32.whl", hash = "sha256:6c99b5205844f48a05cb58d4a8110a44d3038c67ed1d79eb733c4953c628b0f6"},
    {file = "fonttools-4.55.0-cp312-cp312-win_amd64.whl", hash = "sha256:f8c8c76037d05652510ae45be1cd8fb5dd2fd9afec92a25374ac82255993d57c"},
    {file = "fonttools-4.55.0-cp313-cp313-macosx_10_13_universal2.whl", hash = "sha256:8118dc571921dc9e4b288d9cb423ceaf886d195a2e5329cc427df82bba872cd9"},
    {file = "fonttools-4.55.0-cp313-cp313-macosx_10_13_x86_64.whl", hash = "sha256:01124f2ca6c29fad4132d930da69158d3f49b2350e4a779e1efbe0e82bd63f6c"},
    {file = "fonttools-4.55.0-cp313-cp313-manylinux_2_17_aarch64.manylinux2014_aarch64.whl", hash = "sha256:81ffd58d2691f11f7c8438796e9f21c374828805d33e83ff4b76e4635633674c"},
    {file = "fonttools-4.55.0-cp313-cp313-manylinux_2_5_x86_64.manylinux1_x86_64.manylinux_2_17_x86_64.manylinux2014_x86_64.whl", hash = "sha256:5435e5f1eb893c35c2bc2b9cd3c9596b0fcb0a59e7a14121562986dd4c47b8dd"},
    {file = "fonttools-4.55.0-cp313-cp313-musllinux_1_2_aarch64.whl", hash = "sha256:d12081729280c39d001edd0f4f06d696014c26e6e9a0a55488fabc37c28945e4"},
    {file = "fonttools-4.55.0-cp313-cp313-musllinux_1_2_x86_64.whl", hash = "sha256:a7ad1f1b98ab6cb927ab924a38a8649f1ffd7525c75fe5b594f5dab17af70e18"},
    {file = "fonttools-4.55.0-cp313-cp313-win32.whl", hash = "sha256:abe62987c37630dca69a104266277216de1023cf570c1643bb3a19a9509e7a1b"},
    {file = "fonttools-4.55.0-cp313-cp313-win_amd64.whl", hash = "sha256:2863555ba90b573e4201feaf87a7e71ca3b97c05aa4d63548a4b69ea16c9e998"},
    {file = "fonttools-4.55.0-cp38-cp38-macosx_10_9_universal2.whl", hash = "sha256:00f7cf55ad58a57ba421b6a40945b85ac7cc73094fb4949c41171d3619a3a47e"},
    {file = "fonttools-4.55.0-cp38-cp38-macosx_10_9_x86_64.whl", hash = "sha256:f27526042efd6f67bfb0cc2f1610fa20364396f8b1fc5edb9f45bb815fb090b2"},
    {file = "fonttools-4.55.0-cp38-cp38-manylinux_2_17_aarch64.manylinux2014_aarch64.whl", hash = "sha256:e8e67974326af6a8879dc2a4ec63ab2910a1c1a9680ccd63e4a690950fceddbe"},
    {file = "fonttools-4.55.0-cp38-cp38-manylinux_2_17_x86_64.manylinux2014_x86_64.whl", hash = "sha256:61dc0a13451143c5e987dec5254d9d428f3c2789a549a7cf4f815b63b310c1cc"},
    {file = "fonttools-4.55.0-cp38-cp38-musllinux_1_2_aarch64.whl", hash = "sha256:b2e526b325a903868c62155a6a7e24df53f6ce4c5c3160214d8fe1be2c41b478"},
    {file = "fonttools-4.55.0-cp38-cp38-musllinux_1_2_x86_64.whl", hash = "sha256:b7ef9068a1297714e6fefe5932c33b058aa1d45a2b8be32a4c6dee602ae22b5c"},
    {file = "fonttools-4.55.0-cp38-cp38-win32.whl", hash = "sha256:55718e8071be35dff098976bc249fc243b58efa263768c611be17fe55975d40a"},
    {file = "fonttools-4.55.0-cp38-cp38-win_amd64.whl", hash = "sha256:553bd4f8cc327f310c20158e345e8174c8eed49937fb047a8bda51daf2c353c8"},
    {file = "fonttools-4.55.0-cp39-cp39-macosx_10_9_universal2.whl", hash = "sha256:3f901cef813f7c318b77d1c5c14cf7403bae5cb977cede023e22ba4316f0a8f6"},
    {file = "fonttools-4.55.0-cp39-cp39-macosx_10_9_x86_64.whl", hash = "sha256:8c9679fc0dd7e8a5351d321d8d29a498255e69387590a86b596a45659a39eb0d"},
    {file = "fonttools-4.55.0-cp39-cp39-manylinux_2_17_aarch64.manylinux2014_aarch64.whl", hash = "sha256:dd2820a8b632f3307ebb0bf57948511c2208e34a4939cf978333bc0a3f11f838"},
    {file = "fonttools-4.55.0-cp39-cp39-manylinux_2_17_x86_64.manylinux2014_x86_64.whl", hash = "sha256:23bbbb49bec613a32ed1b43df0f2b172313cee690c2509f1af8fdedcf0a17438"},
    {file = "fonttools-4.55.0-cp39-cp39-musllinux_1_2_aarch64.whl", hash = "sha256:a656652e1f5d55b9728937a7e7d509b73d23109cddd4e89ee4f49bde03b736c6"},
    {file = "fonttools-4.55.0-cp39-cp39-musllinux_1_2_x86_64.whl", hash = "sha256:f50a1f455902208486fbca47ce33054208a4e437b38da49d6721ce2fef732fcf"},
    {file = "fonttools-4.55.0-cp39-cp39-win32.whl", hash = "sha256:161d1ac54c73d82a3cded44202d0218ab007fde8cf194a23d3dd83f7177a2f03"},
    {file = "fonttools-4.55.0-cp39-cp39-win_amd64.whl", hash = "sha256:ca7fd6987c68414fece41c96836e945e1f320cda56fc96ffdc16e54a44ec57a2"},
    {file = "fonttools-4.55.0-py3-none-any.whl", hash = "sha256:12db5888cd4dd3fcc9f0ee60c6edd3c7e1fd44b7dd0f31381ea03df68f8a153f"},
    {file = "fonttools-4.55.0.tar.gz", hash = "sha256:7636acc6ab733572d5e7eec922b254ead611f1cdad17be3f0be7418e8bfaca71"},
]

[package.extras]
all = ["brotli (>=1.0.1)", "brotlicffi (>=0.8.0)", "fs (>=2.2.0,<3)", "lxml (>=4.0)", "lz4 (>=1.7.4.2)", "matplotlib", "munkres", "pycairo", "scipy", "skia-pathops (>=0.5.0)", "sympy", "uharfbuzz (>=0.23.0)", "unicodedata2 (>=15.1.0)", "xattr", "zopfli (>=0.1.4)"]
graphite = ["lz4 (>=1.7.4.2)"]
interpolatable = ["munkres", "pycairo", "scipy"]
lxml = ["lxml (>=4.0)"]
pathops = ["skia-pathops (>=0.5.0)"]
plot = ["matplotlib"]
repacker = ["uharfbuzz (>=0.23.0)"]
symfont = ["sympy"]
type1 = ["xattr"]
ufo = ["fs (>=2.2.0,<3)"]
unicode = ["unicodedata2 (>=15.1.0)"]
woff = ["brotli (>=1.0.1)", "brotlicffi (>=0.8.0)", "zopfli (>=0.1.4)"]

[[package]]
name = "multimethod"
version = "1.12"
description = "Multiple argument dispatching."
optional = false
python-versions = ">=3.9"
files = [
    {file = "multimethod-1.12-py3-none-any.whl", hash = "sha256:fd0c473c43558908d97cc06e4d68e8f69202f167db46f7b4e4058893e7dbdf60"},
    {file = "multimethod-1.12.tar.gz", hash = "sha256:8db8ef2a8d2a247e3570cc23317680892fdf903d84c8c1053667c8e8f7671a67"},
]

[[package]]
name = "nlopt"
version = "2.9.0"
description = "Library for nonlinear optimization, wrapping many algorithms for global and local, constrained or unconstrained, optimization"
optional = false
python-versions = ">=3.9"
files = [
    {file = "nlopt-2.9.0-cp310-cp310-macosx_11_0_arm64.whl", hash = "sha256:0c0738a4e44eb361807a965c448dc0c4b2b40c2701067febd0b0a4a12f293989"},
    {file = "nlopt-2.9.0-cp310-cp310-manylinux_2_17_x86_64.manylinux2014_x86_64.whl", hash = "sha256:422bac893488fa54b961f70486e9a553f10c6aaf71f27d3f64e9c48de4b33ba7"},
    {file = "nlopt-2.9.0-cp310-cp310-win_amd64.whl", hash = "sha256:5bcced71da950773246ffde4ad24edc89ad21017042fa00fd1923fca55b3b14d"},
    {file = "nlopt-2.9.0-cp311-cp311-macosx_11_0_arm64.whl", hash = "sha256:08bcacf052ffa1a95b52fa4ecad8b60b60c153b95869bae475c33785f0a054f6"},
    {file = "nlopt-2.9.0-cp311-cp311-manylinux_2_17_x86_64.manylinux2014_x86_64.whl", hash = "sha256:bcb9e04bcd91e694a893d09dd7c71421c024d499d5c15275f5f8cf54d594776c"},
    {file = "nlopt-2.9.0-cp311-cp311-win_amd64.whl", hash = "sha256:838e40e75c55da13d532ea384171e901d2b76f3722491106e419899891572bb3"},
    {file = "nlopt-2.9.0-cp312-cp312-macosx_11_0_arm64.whl", hash = "sha256:d57635fa4219bb1bf138e27d1370479637f13fc40f9680979f67459912e74dc0"},
    {file = "nlopt-2.9.0-cp312-cp312-manylinux_2_17_x86_64.manylinux2014_x86_64.whl", hash = "sha256:cfb42c90e6005521481696ce0ee08070e295d7046e5d810c5e0871dd5f82431c"},
    {file = "nlopt-2.9.0-cp312-cp312-win_amd64.whl", hash = "sha256:209e014b3926f53da2f4e9aeef6d28c067c31bca77e72331c72c9a721e445750"},
    {file = "nlopt-2.9.0-cp313-cp313-macosx_11_0_arm64.whl", hash = "sha256:73bbc23cf53db4bd4662bbb213f8fd3c2d5d3732cf074c1bc8e164aa35d8e936"},
    {file = "nlopt-2.9.0-cp313-cp313-manylinux_2_17_x86_64.manylinux2014_x86_64.whl", hash = "sha256:4c642538ec7698be12036c9bb0dbc0a50f6aa31e3790f67ac96aabf01306c5c3"},
    {file = "nlopt-2.9.0-cp313-cp313-win_amd64.whl", hash = "sha256:4bf6c851c333319e8a3a53a290842c88fc780e779c4b656e10147e4a7ed22939"},
    {file = "nlopt-2.9.0-cp39-cp39-macosx_11_0_arm64.whl", hash = "sha256:6933dd41276c472fdaf92479dd0724b4e2d8b65e155742fa3dea19295e27ce89"},
    {file = "nlopt-2.9.0-cp39-cp39-manylinux_2_17_x86_64.manylinux2014_x86_64.whl", hash = "sha256:cf9576f7bfd779212219a3879d3c1d19a2390b7cab51d6b2b5fe1ffc2e5cf576"},
    {file = "nlopt-2.9.0-cp39-cp39-win_amd64.whl", hash = "sha256:e2b075e46d02d19896df932bdf22cc23ca378e9bc4703cf05f252fd307bd5386"},
]

[package.dependencies]
numpy = ">=2,<3"

[[package]]
name = "numpy"
version = "2.1.3"
description = "Fundamental package for array computing in Python"
optional = false
python-versions = ">=3.10"
files = [
    {file = "numpy-2.1.3-cp310-cp310-macosx_10_9_x86_64.whl", hash = "sha256:c894b4305373b9c5576d7a12b473702afdf48ce5369c074ba304cc5ad8730dff"},
    {file = "numpy-2.1.3-cp310-cp310-macosx_11_0_arm64.whl", hash = "sha256:b47fbb433d3260adcd51eb54f92a2ffbc90a4595f8970ee00e064c644ac788f5"},
    {file = "numpy-2.1.3-cp310-cp310-macosx_14_0_arm64.whl", hash = "sha256:825656d0743699c529c5943554d223c021ff0494ff1442152ce887ef4f7561a1"},
    {file = "numpy-2.1.3-cp310-cp310-macosx_14_0_x86_64.whl", hash = "sha256:6a4825252fcc430a182ac4dee5a505053d262c807f8a924603d411f6718b88fd"},
    {file = "numpy-2.1.3-cp310-cp310-manylinux_2_17_aarch64.manylinux2014_aarch64.whl", hash = "sha256:e711e02f49e176a01d0349d82cb5f05ba4db7d5e7e0defd026328e5cfb3226d3"},
    {file = "numpy-2.1.3-cp310-cp310-manylinux_2_17_x86_64.manylinux2014_x86_64.whl", hash = "sha256:78574ac2d1a4a02421f25da9559850d59457bac82f2b8d7a44fe83a64f770098"},
    {file = "numpy-2.1.3-cp310-cp310-musllinux_1_1_x86_64.whl", hash = "sha256:c7662f0e3673fe4e832fe07b65c50342ea27d989f92c80355658c7f888fcc83c"},
    {file = "numpy-2.1.3-cp310-cp310-musllinux_1_2_aarch64.whl", hash = "sha256:fa2d1337dc61c8dc417fbccf20f6d1e139896a30721b7f1e832b2bb6ef4eb6c4"},
    {file = "numpy-2.1.3-cp310-cp310-win32.whl", hash = "sha256:72dcc4a35a8515d83e76b58fdf8113a5c969ccd505c8a946759b24e3182d1f23"},
    {file = "numpy-2.1.3-cp310-cp310-win_amd64.whl", hash = "sha256:ecc76a9ba2911d8d37ac01de72834d8849e55473457558e12995f4cd53e778e0"},
    {file = "numpy-2.1.3-cp311-cp311-macosx_10_9_x86_64.whl", hash = "sha256:4d1167c53b93f1f5d8a139a742b3c6f4d429b54e74e6b57d0eff40045187b15d"},
    {file = "numpy-2.1.3-cp311-cp311-macosx_11_0_arm64.whl", hash = "sha256:c80e4a09b3d95b4e1cac08643f1152fa71a0a821a2d4277334c88d54b2219a41"},
    {file = "numpy-2.1.3-cp311-cp311-macosx_14_0_arm64.whl", hash = "sha256:576a1c1d25e9e02ed7fa5477f30a127fe56debd53b8d2c89d5578f9857d03ca9"},
    {file = "numpy-2.1.3-cp311-cp311-macosx_14_0_x86_64.whl", hash = "sha256:973faafebaae4c0aaa1a1ca1ce02434554d67e628b8d805e61f874b84e136b09"},
    {file = "numpy-2.1.3-cp311-cp311-manylinux_2_17_aarch64.manylinux2014_aarch64.whl", hash = "sha256:762479be47a4863e261a840e8e01608d124ee1361e48b96916f38b119cfda04a"},
    {file = "numpy-2.1.3-cp311-cp311-manylinux_2_17_x86_64.manylinux2014_x86_64.whl", hash = "sha256:bc6f24b3d1ecc1eebfbf5d6051faa49af40b03be1aaa781ebdadcbc090b4539b"},
    {file = "numpy-2.1.3-cp311-cp311-musllinux_1_1_x86_64.whl", hash = "sha256:17ee83a1f4fef3c94d16dc1802b998668b5419362c8a4f4e8a491de1b41cc3ee"},
    {file = "numpy-2.1.3-cp311-cp311-musllinux_1_2_aarch64.whl", hash = "sha256:15cb89f39fa6d0bdfb600ea24b250e5f1a3df23f901f51c8debaa6a5d122b2f0"},
    {file = "numpy-2.1.3-cp311-cp311-win32.whl", hash = "sha256:d9beb777a78c331580705326d2367488d5bc473b49a9bc3036c154832520aca9"},
    {file = "numpy-2.1.3-cp311-cp311-win_amd64.whl", hash = "sha256:d89dd2b6da69c4fff5e39c28a382199ddedc3a5be5390115608345dec660b9e2"},
    {file = "numpy-2.1.3-cp312-cp312-macosx_10_13_x86_64.whl", hash = "sha256:f55ba01150f52b1027829b50d70ef1dafd9821ea82905b63936668403c3b471e"},
    {file = "numpy-2.1.3-cp312-cp312-macosx_11_0_arm64.whl", hash = "sha256:13138eadd4f4da03074851a698ffa7e405f41a0845a6b1ad135b81596e4e9958"},
    {file = "numpy-2.1.3-cp312-cp312-macosx_14_0_arm64.whl", hash = "sha256:a6b46587b14b888e95e4a24d7b13ae91fa22386c199ee7b418f449032b2fa3b8"},
    {file = "numpy-2.1.3-cp312-cp312-macosx_14_0_x86_64.whl", hash = "sha256:0fa14563cc46422e99daef53d725d0c326e99e468a9320a240affffe87852564"},
    {file = "numpy-2.1.3-cp312-cp312-manylinux_2_17_aarch64.manylinux2014_aarch64.whl", hash = "sha256:8637dcd2caa676e475503d1f8fdb327bc495554e10838019651b76d17b98e512"},
    {file = "numpy-2.1.3-cp312-cp312-manylinux_2_17_x86_64.manylinux2014_x86_64.whl", hash = "sha256:2312b2aa89e1f43ecea6da6ea9a810d06aae08321609d8dc0d0eda6d946a541b"},
    {file = "numpy-2.1.3-cp312-cp312-musllinux_1_1_x86_64.whl", hash = "sha256:a38c19106902bb19351b83802531fea19dee18e5b37b36454f27f11ff956f7fc"},
    {file = "numpy-2.1.3-cp312-cp312-musllinux_1_2_aarch64.whl", hash = "sha256:02135ade8b8a84011cbb67dc44e07c58f28575cf9ecf8ab304e51c05528c19f0"},
    {file = "numpy-2.1.3-cp312-cp312-win32.whl", hash = "sha256:e6988e90fcf617da2b5c78902fe8e668361b43b4fe26dbf2d7b0f8034d4cafb9"},
    {file = "numpy-2.1.3-cp312-cp312-win_amd64.whl", hash = "sha256:0d30c543f02e84e92c4b1f415b7c6b5326cbe45ee7882b6b77db7195fb971e3a"},
    {file = "numpy-2.1.3-cp313-cp313-macosx_10_13_x86_64.whl", hash = "sha256:96fe52fcdb9345b7cd82ecd34547fca4321f7656d500eca497eb7ea5a926692f"},
    {file = "numpy-2.1.3-cp313-cp313-macosx_11_0_arm64.whl", hash = "sha256:f653490b33e9c3a4c1c01d41bc2aef08f9475af51146e4a7710c450cf9761598"},
    {file = "numpy-2.1.3-cp313-cp313-macosx_14_0_arm64.whl", hash = "sha256:dc258a761a16daa791081d026f0ed4399b582712e6fc887a95af09df10c5ca57"},
    {file = "numpy-2.1.3-cp313-cp313-macosx_14_0_x86_64.whl", hash = "sha256:016d0f6f5e77b0f0d45d77387ffa4bb89816b57c835580c3ce8e099ef830befe"},
    {file = "numpy-2.1.3-cp313-cp313-manylinux_2_17_aarch64.manylinux2014_aarch64.whl", hash = "sha256:c181ba05ce8299c7aa3125c27b9c2167bca4a4445b7ce73d5febc411ca692e43"},
    {file = "numpy-2.1.3-cp313-cp313-manylinux_2_17_x86_64.manylinux2014_x86_64.whl", hash = "sha256:5641516794ca9e5f8a4d17bb45446998c6554704d888f86df9b200e66bdcce56"},
    {file = "numpy-2.1.3-cp313-cp313-musllinux_1_1_x86_64.whl", hash = "sha256:ea4dedd6e394a9c180b33c2c872b92f7ce0f8e7ad93e9585312b0c5a04777a4a"},
    {file = "numpy-2.1.3-cp313-cp313-musllinux_1_2_aarch64.whl", hash = "sha256:b0df3635b9c8ef48bd3be5f862cf71b0a4716fa0e702155c45067c6b711ddcef"},
    {file = "numpy-2.1.3-cp313-cp313-win32.whl", hash = "sha256:50ca6aba6e163363f132b5c101ba078b8cbd3fa92c7865fd7d4d62d9779ac29f"},
    {file = "numpy-2.1.3-cp313-cp313-win_amd64.whl", hash = "sha256:747641635d3d44bcb380d950679462fae44f54b131be347d5ec2bce47d3df9ed"},
    {file = "numpy-2.1.3-cp313-cp313t-macosx_10_13_x86_64.whl", hash = "sha256:996bb9399059c5b82f76b53ff8bb686069c05acc94656bb259b1d63d04a9506f"},
    {file = "numpy-2.1.3-cp313-cp313t-macosx_11_0_arm64.whl", hash = "sha256:45966d859916ad02b779706bb43b954281db43e185015df6eb3323120188f9e4"},
    {file = "numpy-2.1.3-cp313-cp313t-macosx_14_0_arm64.whl", hash = "sha256:baed7e8d7481bfe0874b566850cb0b85243e982388b7b23348c6db2ee2b2ae8e"},
    {file = "numpy-2.1.3-cp313-cp313t-macosx_14_0_x86_64.whl", hash = "sha256:a9f7f672a3388133335589cfca93ed468509cb7b93ba3105fce780d04a6576a0"},
    {file = "numpy-2.1.3-cp313-cp313t-manylinux_2_17_aarch64.manylinux2014_aarch64.whl", hash = "sha256:d7aac50327da5d208db2eec22eb11e491e3fe13d22653dce51b0f4109101b408"},
    {file = "numpy-2.1.3-cp313-cp313t-manylinux_2_17_x86_64.manylinux2014_x86_64.whl", hash = "sha256:4394bc0dbd074b7f9b52024832d16e019decebf86caf909d94f6b3f77a8ee3b6"},
    {file = "numpy-2.1.3-cp313-cp313t-musllinux_1_1_x86_64.whl", hash = "sha256:50d18c4358a0a8a53f12a8ba9d772ab2d460321e6a93d6064fc22443d189853f"},
    {file = "numpy-2.1.3-cp313-cp313t-musllinux_1_2_aarch64.whl", hash = "sha256:14e253bd43fc6b37af4921b10f6add6925878a42a0c5fe83daee390bca80bc17"},
    {file = "numpy-2.1.3-cp313-cp313t-win32.whl", hash = "sha256:08788d27a5fd867a663f6fc753fd7c3ad7e92747efc73c53bca2f19f8bc06f48"},
    {file = "numpy-2.1.3-cp313-cp313t-win_amd64.whl", hash = "sha256:2564fbdf2b99b3f815f2107c1bbc93e2de8ee655a69c261363a1172a79a257d4"},
    {file = "numpy-2.1.3-pp310-pypy310_pp73-macosx_10_15_x86_64.whl", hash = "sha256:4f2015dfe437dfebbfce7c85c7b53d81ba49e71ba7eadbf1df40c915af75979f"},
    {file = "numpy-2.1.3-pp310-pypy310_pp73-macosx_14_0_x86_64.whl", hash = "sha256:3522b0dfe983a575e6a9ab3a4a4dfe156c3e428468ff08ce582b9bb6bd1d71d4"},
    {file = "numpy-2.1.3-pp310-pypy310_pp73-manylinux_2_17_x86_64.manylinux2014_x86_64.whl", hash = "sha256:c006b607a865b07cd981ccb218a04fc86b600411d83d6fc261357f1c0966755d"},
    {file = "numpy-2.1.3-pp310-pypy310_pp73-win_amd64.whl", hash = "sha256:e14e26956e6f1696070788252dcdff11b4aca4c3e8bd166e0df1bb8f315a67cb"},
    {file = "numpy-2.1.3.tar.gz", hash = "sha256:aa08e04e08aaf974d4458def539dece0d28146d866a39da5639596f4921fd761"},
]

[[package]]
name = "pyparsing"
version = "3.2.0"
description = "pyparsing module - Classes and methods to define and execute parsing grammars"
optional = false
python-versions = ">=3.9"
files = [
    {file = "pyparsing-3.2.0-py3-none-any.whl", hash = "sha256:93d9577b88da0bbea8cc8334ee8b918ed014968fd2ec383e868fb8afb1ccef84"},
    {file = "pyparsing-3.2.0.tar.gz", hash = "sha256:cbf74e27246d595d9a74b186b810f6fbb86726dbf3b9532efb343f6d7294fe9c"},
]

[package.extras]
diagrams = ["jinja2", "railroad-diagrams"]

[[package]]
name = "sexpdata"
version = "1.0.2"
description = "S-expression parser for Python"
optional = false
python-versions = ">=3.7"
files = [
    {file = "sexpdata-1.0.2-py3-none-any.whl", hash = "sha256:b39c918f055a85c5c35c1d4f7930aabb176bd29016e5ba5692e7e849914b2a1a"},
    {file = "sexpdata-1.0.2.tar.gz", hash = "sha256:92b67b0361f6766f8f9e44b9519cf3fbcfafa755db85bbf893c3e1cf4ddac109"},
]

[[package]]
name = "typing-extensions"
version = "4.12.2"
description = "Backported and Experimental Type Hints for Python 3.8+"
optional = false
python-versions = ">=3.8"
files = [
    {file = "typing_extensions-4.12.2-py3-none-any.whl", hash = "sha256:04e5ca0351e0f3f85c6853954072df659d0d13fac324d0072316b67d7794700d"},
    {file = "typing_extensions-4.12.2.tar.gz", hash = "sha256:1a7ead55c7e559dd4dee8856e3a88b41225abfe1ce8df57b7c13915fe121ffb8"},
]

[[package]]
name = "typish"
version = "1.9.3"
description = "Functionality for types"
optional = false
python-versions = "*"
files = [
    {file = "typish-1.9.3-py3-none-any.whl", hash = "sha256:03cfee5e6eb856dbf90244e18f4e4c41044c8790d5779f4e775f63f982e2f896"},
]

[package.extras]
test = ["codecov", "coverage", "mypy", "nptyping (>=1.3.0)", "numpy", "pycodestyle", "pylint", "pytest"]

[metadata]
lock-version = "2.0"
python-versions = "^3.12"
content-hash = "55afac6a871e91f705ff3a65448d541f1923a991e339717f7ed7935032d5f8e0"
