# This file is automatically @generated by Poetry 1.8.3 and should not be changed by hand.

[[package]]
name = "cadquery"
version = "2.5.0dev"
description = "CadQuery is a parametric  scripting language for creating and traversing CAD models"
optional = false
python-versions = ">=3.9"
files = []
develop = false

[package.extras]
dev = ["black @ git+https://github.com/cadquery/black.git@cq", "docutils", "ipython", "pytest"]
ipython = ["ipython"]

[package.source]
type = "git"
url = "https://github.com/cadQuery/cadquery.git"
reference = "HEAD"
resolved_reference = "a175cb8ea334bd5ffc53ee7eab00484ba954a7b2"

[metadata]
lock-version = "2.0"
python-versions = "^3.12"
content-hash = "a4162711d6b54e621e981bc8e94913be4394f51efe678ea616e5dd382f6c528b"
